
Microsoft Visual Studio Solution File, Format Version 12.00
# Visual Studio 2013
VisualStudioVersion = 12.0.21005.1
MinimumVisualStudioVersion = 10.0.40219.1
Project("{FAE04EC0-301F-11D3-BF4B-00C04F79EFBC}") = "Bai 2  - B2 - server", "Bai 2  - B2 - server\Bai 2  - B2 - server.csproj", "{55486CFA-DC60-4F1B-992A-BB8A1F9A350D}"
EndProject
Project("{FAE04EC0-301F-11D3-BF4B-00C04F79EFBC}") = "B2 Client", "B2 Client\B2 Client.csproj", "{D595330B-A489-49CB-8781-1010ADC81789}"
EndProject
Global
	GlobalSection(SolutionConfigurationPlatforms) = preSolution
		Debug|Any CPU = Debug|Any CPU
		Release|Any CPU = Release|Any CPU
	EndGlobalSection
	GlobalSection(ProjectConfigurationPlatforms) = postSolution
		{55486CFA-DC60-4F1B-992A-BB8A1F9A350D}.Debug|Any CPU.ActiveCfg = Debug|Any CPU
		{55486CFA-DC60-4F1B-992A-BB8A1F9A350D}.Debug|Any CPU.Build.0 = Debug|Any CPU
		{55486CFA-DC60-4F1B-992A-BB8A1F9A350D}.Release|Any CPU.ActiveCfg = Release|Any CPU
		{55486CFA-DC60-4F1B-992A-BB8A1F9A350D}.Release|Any CPU.Build.0 = Release|Any CPU
		{D595330B-A489-49CB-8781-1010ADC81789}.Debug|Any CPU.ActiveCfg = Debug|Any CPU
		{D595330B-A489-49CB-8781-1010ADC81789}.Debug|Any CPU.Build.0 = Debug|Any CPU
		{D595330B-A489-49CB-8781-1010ADC81789}.Release|Any CPU.ActiveCfg = Release|Any CPU
		{D595330B-A489-49CB-8781-1010ADC81789}.Release|Any CPU.Build.0 = Release|Any CPU
	EndGlobalSection
	GlobalSection(SolutionProperties) = preSolution
		HideSolutionNode = FALSE
	EndGlobalSection
EndGlobal
